
Microsoft Visual Studio Solution File, Format Version 12.00
Project("{FAE04EC0-301F-11D3-BF4B-00C04F79EFBC}") = "Notification.Api", "Notification.Api\Notification.Api.csproj", "{02BC2CA6-D7E5-4A6F-9CAA-1900D290E8B1}"
EndProject
Project("{2150E333-8FDC-42A3-9474-1A3956D46DE8}") = "Solution Items", "Solution Items", "{2D78FA91-85FE-43B7-995E-04FD99D0B15B}"
	ProjectSection(SolutionItems) = preProject
		compose.yaml = compose.yaml
	EndProjectSection
EndProject
Project("{FAE04EC0-301F-11D3-BF4B-00C04F79EFBC}") = "NotificationEmailJob", "NotificationEmailJob\NotificationEmailJob.csproj", "{8A0FB3E1-4838-4D31-B144-32EBAF2BA677}"
EndProject
Project("{FAE04EC0-301F-11D3-BF4B-00C04F79EFBC}") = "Notification.Application", "Notification.Application\Notification.Application.csproj", "{15467F3D-1997-4546-865C-0F08E38F3207}"
EndProject
Project("{FAE04EC0-301F-11D3-BF4B-00C04F79EFBC}") = "Shared", "Shared\Shared.csproj", "{CF36A39F-16F0-4EAB-AD03-CA61CFA61505}"
EndProject
Project("{FAE04EC0-301F-11D3-BF4B-00C04F79EFBC}") = "FakeService", "FakeService\FakeService.csproj", "{702762D2-6656-4C10-AFF7-B93899FC9367}"
EndProject
Global
	GlobalSection(SolutionConfigurationPlatforms) = preSolution
		Debug|Any CPU = Debug|Any CPU
		Release|Any CPU = Release|Any CPU
	EndGlobalSection
	GlobalSection(ProjectConfigurationPlatforms) = postSolution
		{02BC2CA6-D7E5-4A6F-9CAA-1900D290E8B1}.Debug|Any CPU.ActiveCfg = Debug|Any CPU
		{02BC2CA6-D7E5-4A6F-9CAA-1900D290E8B1}.Debug|Any CPU.Build.0 = Debug|Any CPU
		{02BC2CA6-D7E5-4A6F-9CAA-1900D290E8B1}.Release|Any CPU.ActiveCfg = Release|Any CPU
		{02BC2CA6-D7E5-4A6F-9CAA-1900D290E8B1}.Release|Any CPU.Build.0 = Release|Any CPU
		{8A0FB3E1-4838-4D31-B144-32EBAF2BA677}.Debug|Any CPU.ActiveCfg = Debug|Any CPU
		{8A0FB3E1-4838-4D31-B144-32EBAF2BA677}.Debug|Any CPU.Build.0 = Debug|Any CPU
		{8A0FB3E1-4838-4D31-B144-32EBAF2BA677}.Release|Any CPU.ActiveCfg = Release|Any CPU
		{8A0FB3E1-4838-4D31-B144-32EBAF2BA677}.Release|Any CPU.Build.0 = Release|Any CPU
		{15467F3D-1997-4546-865C-0F08E38F3207}.Debug|Any CPU.ActiveCfg = Debug|Any CPU
		{15467F3D-1997-4546-865C-0F08E38F3207}.Debug|Any CPU.Build.0 = Debug|Any CPU
		{15467F3D-1997-4546-865C-0F08E38F3207}.Release|Any CPU.ActiveCfg = Release|Any CPU
		{15467F3D-1997-4546-865C-0F08E38F3207}.Release|Any CPU.Build.0 = Release|Any CPU
		{CF36A39F-16F0-4EAB-AD03-CA61CFA61505}.Debug|Any CPU.ActiveCfg = Debug|Any CPU
		{CF36A39F-16F0-4EAB-AD03-CA61CFA61505}.Debug|Any CPU.Build.0 = Debug|Any CPU
		{CF36A39F-16F0-4EAB-AD03-CA61CFA61505}.Release|Any CPU.ActiveCfg = Release|Any CPU
		{CF36A39F-16F0-4EAB-AD03-CA61CFA61505}.Release|Any CPU.Build.0 = Release|Any CPU
		{702762D2-6656-4C10-AFF7-B93899FC9367}.Debug|Any CPU.ActiveCfg = Debug|Any CPU
		{702762D2-6656-4C10-AFF7-B93899FC9367}.Debug|Any CPU.Build.0 = Debug|Any CPU
		{702762D2-6656-4C10-AFF7-B93899FC9367}.Release|Any CPU.ActiveCfg = Release|Any CPU
		{702762D2-6656-4C10-AFF7-B93899FC9367}.Release|Any CPU.Build.0 = Release|Any CPU
	EndGlobalSection
EndGlobal
